
Microsoft Visual Studio Solution File, Format Version 12.00
# Visual Studio Version 17
VisualStudioVersion = 17.0.31903.59
MinimumVisualStudioVersion = 10.0.40219.1
Project("{9A19103F-16F7-4668-BE54-9A1E7A4F7556}") = "Duende.IdentityServer.Contrib.RedisStore", "Duende.IdentityServer.Contrib.RedisStore\Duende.IdentityServer.Contrib.RedisStore.csproj", "{75F29610-E23E-446A-9975-2A5BD25F829F}"
EndProject
Project("{9A19103F-16F7-4668-BE54-9A1E7A4F7556}") = "Duende.IdentityServer.Contrib.RedisStore.Tests", "Duende.IdentityServer.Contrib.RedisStore.Tests\Duende.IdentityServer.Contrib.RedisStore.Tests.csproj", "{BCC12D3A-639C-49FA-ACF0-09388E5E6EE8}"
EndProject
Project("{2150E333-8FDC-42A3-9474-1A3956D46DE8}") = "Solution Items", "Solution Items", "{6806D796-0216-4B08-B767-3EC3F3813384}"
	ProjectSection(SolutionItems) = preProject
		.github\workflows\build.yml = .github\workflows\build.yml
		README.md = README.md
	EndProjectSection
EndProject
Global
	GlobalSection(SolutionConfigurationPlatforms) = preSolution
		Debug|Any CPU = Debug|Any CPU
		Release|Any CPU = Release|Any CPU
	EndGlobalSection
	GlobalSection(ProjectConfigurationPlatforms) = postSolution
		{75F29610-E23E-446A-9975-2A5BD25F829F}.Debug|Any CPU.ActiveCfg = Debug|Any CPU
		{75F29610-E23E-446A-9975-2A5BD25F829F}.Debug|Any CPU.Build.0 = Debug|Any CPU
		{75F29610-E23E-446A-9975-2A5BD25F829F}.Release|Any CPU.ActiveCfg = Release|Any CPU
		{75F29610-E23E-446A-9975-2A5BD25F829F}.Release|Any CPU.Build.0 = Release|Any CPU
		{BCC12D3A-639C-49FA-ACF0-09388E5E6EE8}.Debug|Any CPU.ActiveCfg = Debug|Any CPU
		{BCC12D3A-639C-49FA-ACF0-09388E5E6EE8}.Debug|Any CPU.Build.0 = Debug|Any CPU
		{BCC12D3A-639C-49FA-ACF0-09388E5E6EE8}.Release|Any CPU.ActiveCfg = Release|Any CPU
		{BCC12D3A-639C-49FA-ACF0-09388E5E6EE8}.Release|Any CPU.Build.0 = Release|Any CPU
	EndGlobalSection
	GlobalSection(SolutionProperties) = preSolution
		HideSolutionNode = FALSE
	EndGlobalSection
	GlobalSection(ExtensibilityGlobals) = postSolution
		SolutionGuid = {258B4519-0BDA-45DD-8FA5-A46D1BC27A4D}
	EndGlobalSection
EndGlobal
